
Microsoft Visual Studio Solution File, Format Version 12.00
# Visual Studio Version 16
VisualStudioVersion = 16.0.31112.23
MinimumVisualStudioVersion = 10.0.40219.1
Project("{FAE04EC0-301F-11D3-BF4B-00C04F79EFBC}") = "MDTesting", "MDTesting\MDTesting.csproj", "{F3F633BC-E077-4B4C-939C-E057F88A0F9B}"
EndProject
Project("{FAE04EC0-301F-11D3-BF4B-00C04F79EFBC}") = "Model", "Model\Model.csproj", "{06BD0237-4BF9-4D95-8618-0DA2B28866DF}"
EndProject
Project("{FAE04EC0-301F-11D3-BF4B-00C04F79EFBC}") = "Controller", "Controller\Controller.csproj", "{D723F464-EFAF-415B-962D-461B788DE58D}"
EndProject
Global
	GlobalSection(SolutionConfigurationPlatforms) = preSolution
		Debug|Any CPU = Debug|Any CPU
		Release|Any CPU = Release|Any CPU
	EndGlobalSection
	GlobalSection(ProjectConfigurationPlatforms) = postSolution
		{F3F633BC-E077-4B4C-939C-E057F88A0F9B}.Debug|Any CPU.ActiveCfg = Debug|Any CPU
		{F3F633BC-E077-4B4C-939C-E057F88A0F9B}.Debug|Any CPU.Build.0 = Debug|Any CPU
		{F3F633BC-E077-4B4C-939C-E057F88A0F9B}.Release|Any CPU.ActiveCfg = Release|Any CPU
		{F3F633BC-E077-4B4C-939C-E057F88A0F9B}.Release|Any CPU.Build.0 = Release|Any CPU
		{06BD0237-4BF9-4D95-8618-0DA2B28866DF}.Debug|Any CPU.ActiveCfg = Debug|Any CPU
		{06BD0237-4BF9-4D95-8618-0DA2B28866DF}.Debug|Any CPU.Build.0 = Debug|Any CPU
		{06BD0237-4BF9-4D95-8618-0DA2B28866DF}.Release|Any CPU.ActiveCfg = Release|Any CPU
		{06BD0237-4BF9-4D95-8618-0DA2B28866DF}.Release|Any CPU.Build.0 = Release|Any CPU
		{D723F464-EFAF-415B-962D-461B788DE58D}.Debug|Any CPU.ActiveCfg = Debug|Any CPU
		{D723F464-EFAF-415B-962D-461B788DE58D}.Debug|Any CPU.Build.0 = Debug|Any CPU
		{D723F464-EFAF-415B-962D-461B788DE58D}.Release|Any CPU.ActiveCfg = Release|Any CPU
		{D723F464-EFAF-415B-962D-461B788DE58D}.Release|Any CPU.Build.0 = Release|Any CPU
	EndGlobalSection
	GlobalSection(SolutionProperties) = preSolution
		HideSolutionNode = FALSE
	EndGlobalSection
	GlobalSection(ExtensibilityGlobals) = postSolution
		SolutionGuid = {ADBDF704-31D9-42E9-A419-64A79836F422}
	EndGlobalSection
EndGlobal
