
Microsoft Visual Studio Solution File, Format Version 12.00
# Visual Studio Version 16
VisualStudioVersion = 16.0.31112.23
MinimumVisualStudioVersion = 10.0.40219.1
Project("{FAE04EC0-301F-11D3-BF4B-00C04F79EFBC}") = "QuanLyVacxin", "QuanLyVacxin.csproj", "{8DF0C28B-9583-4E6C-85F2-11782CED1115}"
EndProject
Project("{FAE04EC0-301F-11D3-BF4B-00C04F79EFBC}") = "MyModel", "..\MyModel\MyModel.csproj", "{02FDCED1-F7D2-49F9-8D38-88A308C4E1BE}"
EndProject
Project("{FAE04EC0-301F-11D3-BF4B-00C04F79EFBC}") = "Controller", "..\Controller\Controller.csproj", "{CE2C316A-5A19-4C2B-865F-8327F02C90B8}"
EndProject
Project("{FAE04EC0-301F-11D3-BF4B-00C04F79EFBC}") = "Hieu", "..\Hieu\Hieu.csproj", "{C3686C75-7DB7-45E2-A84B-018C47753D36}"
EndProject
Global
	GlobalSection(SolutionConfigurationPlatforms) = preSolution
		Debug|Any CPU = Debug|Any CPU
		Release|Any CPU = Release|Any CPU
	EndGlobalSection
	GlobalSection(ProjectConfigurationPlatforms) = postSolution
		{8DF0C28B-9583-4E6C-85F2-11782CED1115}.Debug|Any CPU.ActiveCfg = Debug|Any CPU
		{8DF0C28B-9583-4E6C-85F2-11782CED1115}.Debug|Any CPU.Build.0 = Debug|Any CPU
		{8DF0C28B-9583-4E6C-85F2-11782CED1115}.Release|Any CPU.ActiveCfg = Release|Any CPU
		{8DF0C28B-9583-4E6C-85F2-11782CED1115}.Release|Any CPU.Build.0 = Release|Any CPU
		{02FDCED1-F7D2-49F9-8D38-88A308C4E1BE}.Debug|Any CPU.ActiveCfg = Debug|Any CPU
		{02FDCED1-F7D2-49F9-8D38-88A308C4E1BE}.Debug|Any CPU.Build.0 = Debug|Any CPU
		{02FDCED1-F7D2-49F9-8D38-88A308C4E1BE}.Release|Any CPU.ActiveCfg = Release|Any CPU
		{02FDCED1-F7D2-49F9-8D38-88A308C4E1BE}.Release|Any CPU.Build.0 = Release|Any CPU
		{CE2C316A-5A19-4C2B-865F-8327F02C90B8}.Debug|Any CPU.ActiveCfg = Debug|Any CPU
		{CE2C316A-5A19-4C2B-865F-8327F02C90B8}.Debug|Any CPU.Build.0 = Debug|Any CPU
		{CE2C316A-5A19-4C2B-865F-8327F02C90B8}.Release|Any CPU.ActiveCfg = Release|Any CPU
		{CE2C316A-5A19-4C2B-865F-8327F02C90B8}.Release|Any CPU.Build.0 = Release|Any CPU
		{C3686C75-7DB7-45E2-A84B-018C47753D36}.Debug|Any CPU.ActiveCfg = Debug|Any CPU
		{C3686C75-7DB7-45E2-A84B-018C47753D36}.Debug|Any CPU.Build.0 = Debug|Any CPU
		{C3686C75-7DB7-45E2-A84B-018C47753D36}.Release|Any CPU.ActiveCfg = Release|Any CPU
		{C3686C75-7DB7-45E2-A84B-018C47753D36}.Release|Any CPU.Build.0 = Release|Any CPU
	EndGlobalSection
	GlobalSection(SolutionProperties) = preSolution
		HideSolutionNode = FALSE
	EndGlobalSection
	GlobalSection(ExtensibilityGlobals) = postSolution
		SolutionGuid = {E792DE5F-43AD-4653-A12C-471E5F9F10E9}
	EndGlobalSection
EndGlobal
